{
  "version": 4,
  "terraform_version": "1.3.1",
  "serial": 56,
  "lineage": "9a5dccff-19c1-d159-7cdb-c495c9e5d201",
  "outputs": {
    "external_ip": {
      "value": "51.250.5.92",
      "type": "string"
    },
    "instance_name": {
      "value": "terraform-07-home-task",
      "type": "string"
    },
    "instance_user": {
      "value": "dminyc\n",
      "type": "string"
    },
    "internal_ip": {
      "value": "192.168.10.21",
      "type": "string"
    }
  },
  "resources": [
    {
      "mode": "data",
      "type": "yandex_compute_image",
      "name": "ubuntu_22",
      "provider": "provider[\"registry.terraform.io/yandex-cloud/yandex\"]",
      "instances": [
        {
          "schema_version": 0,
          "attributes": {
            "created_at": "2022-10-17T10:48:09Z",
            "description": "ubuntu 22.04 lts",
            "family": "ubuntu-2204-lts",
            "folder_id": "standard-images",
            "id": "fd8kb72eo1r5fs97a1ki",
            "image_id": "fd8kb72eo1r5fs97a1ki",
            "labels": {},
            "min_disk_size": 5,
            "name": "ubuntu-22-04-lts-v20221017",
            "os_type": "linux",
            "pooled": true,
            "product_ids": [
              "f2edj0elvr9qpbbbug45"
            ],
            "size": 4,
            "status": "ready"
          },
          "sensitive_attributes": []
        }
      ]
    },
    {
      "mode": "managed",
      "type": "yandex_compute_instance",
      "name": "netology-1",
      "provider": "provider[\"registry.terraform.io/yandex-cloud/yandex\"]",
      "instances": [
        {
          "schema_version": 1,
          "attributes": {
            "allow_recreate": null,
            "allow_stopping_for_update": null,
            "boot_disk": [
              {
                "auto_delete": true,
                "device_name": "fhmflsh2f5d0tcodgpvo",
                "disk_id": "fhmflsh2f5d0tcodgpvo",
                "initialize_params": [
                  {
                    "block_size": 4096,
                    "description": "",
                    "image_id": "fd8kb72eo1r5fs97a1ki",
                    "name": "",
                    "size": 5,
                    "snapshot_id": "",
                    "type": "network-hdd"
                  }
                ],
                "mode": "READ_WRITE"
              }
            ],
            "created_at": "2022-10-18T14:49:41Z",
            "description": "",
            "folder_id": "b1g7r7ds9ra1dmhiri72",
            "fqdn": "fhmjav61vhjn58ockpsl.auto.internal",
            "hostname": "",
            "id": "fhmjav61vhjn58ockpsl",
            "labels": null,
            "local_disk": [],
            "metadata": {
              "user-data": "#cloud-config\nusers:\n  - name: adminyc\n    groups: sudo\n    shell: /bin/bash\n    sudo: ['ALL=(ALL) NOPASSWD:ALL']\n    ssh_authorized_keys:\n      - ssh-ed25519 AAAAC3NzaC1lZDI1NTE5AAAAIPBRtW9OjLGshuUbwyd8n3PfzsjyyrxrmHFVSNiI/6Tb ditry@study\n"
            },
            "name": "terraform-07-home-task",
            "network_acceleration_type": "standard",
            "network_interface": [
              {
                "dns_record": [],
                "index": 0,
                "ip_address": "192.168.10.21",
                "ipv4": true,
                "ipv6": false,
                "ipv6_address": "",
                "ipv6_dns_record": [],
                "mac_address": "d0:0d:13:57:cc:1f",
                "nat": true,
                "nat_dns_record": [],
                "nat_ip_address": "51.250.5.92",
                "nat_ip_version": "IPV4",
                "security_group_ids": [],
                "subnet_id": "e9bjlduv0i9li36jvj7m"
              }
            ],
            "placement_policy": [
              {
                "host_affinity_rules": [],
                "placement_group_id": ""
              }
            ],
            "platform_id": "standard-v1",
            "resources": [
              {
                "core_fraction": 100,
                "cores": 2,
                "gpus": 0,
                "memory": 2
              }
            ],
            "scheduling_policy": [
              {
                "preemptible": false
              }
            ],
            "secondary_disk": [],
            "service_account_id": "",
            "status": "running",
            "timeouts": null,
            "zone": "ru-central1-a"
          },
          "sensitive_attributes": [],
          "private": "eyJlMmJmYjczMC1lY2FhLTExZTYtOGY4OC0zNDM2M2JjN2M0YzAiOnsiY3JlYXRlIjozMDAwMDAwMDAwMDAsImRlbGV0ZSI6MzAwMDAwMDAwMDAwLCJ1cGRhdGUiOjMwMDAwMDAwMDAwMH0sInNjaGVtYV92ZXJzaW9uIjoiMSJ9",
          "dependencies": [
            "data.yandex_compute_image.ubuntu_22",
            "yandex_vpc_network.netology_net",
            "yandex_vpc_subnet.terraform_07_subnet"
          ]
        }
      ]
    },
    {
      "mode": "managed",
      "type": "yandex_vpc_network",
      "name": "netology_net",
      "provider": "provider[\"registry.terraform.io/yandex-cloud/yandex\"]",
      "instances": [
        {
          "schema_version": 0,
          "attributes": {
            "created_at": "2022-10-18T14:49:35Z",
            "default_security_group_id": "",
            "description": "",
            "folder_id": "b1g7r7ds9ra1dmhiri72",
            "id": "enpq0pa0iocus27gockq",
            "labels": {},
            "name": "",
            "subnet_ids": [],
            "timeouts": null
          },
          "sensitive_attributes": [],
          "private": "eyJlMmJmYjczMC1lY2FhLTExZTYtOGY4OC0zNDM2M2JjN2M0YzAiOnsiY3JlYXRlIjo2MDAwMDAwMDAwMCwiZGVsZXRlIjo2MDAwMDAwMDAwMCwidXBkYXRlIjo2MDAwMDAwMDAwMH19"
        }
      ]
    },
    {
      "mode": "managed",
      "type": "yandex_vpc_subnet",
      "name": "terraform_07_subnet",
      "provider": "provider[\"registry.terraform.io/yandex-cloud/yandex\"]",
      "instances": [
        {
          "schema_version": 0,
          "attributes": {
            "created_at": "2022-10-18T14:49:37Z",
            "description": "",
            "dhcp_options": [],
            "folder_id": "b1g7r7ds9ra1dmhiri72",
            "id": "e9bjlduv0i9li36jvj7m",
            "labels": {},
            "name": "terraform_07",
            "network_id": "enpq0pa0iocus27gockq",
            "route_table_id": "",
            "timeouts": null,
            "v4_cidr_blocks": [
              "192.168.10.0/24"
            ],
            "v6_cidr_blocks": [],
            "zone": "ru-central1-a"
          },
          "sensitive_attributes": [],
          "private": "eyJlMmJmYjczMC1lY2FhLTExZTYtOGY4OC0zNDM2M2JjN2M0YzAiOnsiY3JlYXRlIjoxODAwMDAwMDAwMDAsImRlbGV0ZSI6MTgwMDAwMDAwMDAwLCJ1cGRhdGUiOjE4MDAwMDAwMDAwMH19",
          "dependencies": [
            "yandex_vpc_network.netology_net"
          ]
        }
      ]
    }
  ],
  "check_results": []
}
